PODS:
  - Flutter (1.0.0)
  - flutter_blue_plus (0.0.1):
    - Flutter
  - iOSDFULibrary (4.13.0):
    - ZIPFoundation (= 0.9.11)
  - nordic_dfu (1.0.0):
    - Flutter
    - iOSDFULibrary (~> 4.13.0)
  - permission_handler_apple (9.3.0):
    - Flutter
  - ZIPFoundation (0.9.11)

DEPENDENCIES:
  - Flutter (from `Flutter`)
  - flutter_blue_plus (from `.symlinks/plugins/flutter_blue_plus/ios`)
  - nordic_dfu (from `.symlinks/plugins/nordic_dfu/ios`)
  - permission_handler_apple (from `.symlinks/plugins/permission_handler_apple/ios`)

SPEC REPOS:
  trunk:
    - iOSDFULibrary
    - ZIPFoundation

EXTERNAL SOURCES:
  Flutter:
    :path: Flutter
  flutter_blue_plus:
    :path: ".symlinks/plugins/flutter_blue_plus/ios"
  nordic_dfu:
    :path: ".symlinks/plugins/nordic_dfu/ios"
  permission_handler_apple:
    :path: ".symlinks/plugins/permission_handler_apple/ios"

SPEC CHECKSUMS:
  Flutter: e0871f40cf51350855a761d2e70bf5af5b9b5de7
  flutter_blue_plus: 4837da7d00cf5d441fdd6635b3a57f936778ea96
  iOSDFULibrary: 3b9de67ed4bfb901b5f09c2fea843f65e152612d
  nordic_dfu: 7021f855ea18b9d29842a849c488c1eb8c25487e
  permission_handler_apple: 036b856153a2b1f61f21030ff725f3e6fece2b78
  ZIPFoundation: b1f0de4eed33e74a676f76e12559ab6b75990197

PODFILE CHECKSUM: 819463e6a0290f5a72f145ba7cde16e8b6ef0796

COCOAPODS: 1.13.0
